
Microsoft Visual Studio Solution File, Format Version 12.00
# Visual Studio Version 16
VisualStudioVersion = 16.0.30907.101
MinimumVisualStudioVersion = 10.0.40219.1
Project("{FAE04EC0-301F-11D3-BF4B-00C04F79EFBC}") = "SpotifyConsole", "SpotifyConsole.csproj", "{78B5C0C4-75F9-4FBB-A294-92295D120751}"
EndProject
Global
	GlobalSection(SolutionConfigurationPlatforms) = preSolution
		Debug|Any CPU = Debug|Any CPU
		Release|Any CPU = Release|Any CPU
	EndGlobalSection
	GlobalSection(ProjectConfigurationPlatforms) = postSolution
		{78B5C0C4-75F9-4FBB-A294-92295D120751}.Debug|Any CPU.ActiveCfg = Debug|Any CPU
		{78B5C0C4-75F9-4FBB-A294-92295D120751}.Debug|Any CPU.Build.0 = Debug|Any CPU
		{78B5C0C4-75F9-4FBB-A294-92295D120751}.Release|Any CPU.ActiveCfg = Release|Any CPU
		{78B5C0C4-75F9-4FBB-A294-92295D120751}.Release|Any CPU.Build.0 = Release|Any CPU
	EndGlobalSection
	GlobalSection(SolutionProperties) = preSolution
		HideSolutionNode = FALSE
	EndGlobalSection
	GlobalSection(ExtensibilityGlobals) = postSolution
		SolutionGuid = {C90E3B3E-2787-44CB-B3E7-0EC9DCA7E26A}
	EndGlobalSection
EndGlobal
